
Microsoft Visual Studio Solution File, Format Version 12.00
# Visual Studio 15
Project("{FAE04EC0-301F-11D3-BF4B-00C04F79EFBC}") = "Assembly-CSharp", "Assembly-CSharp.csproj", "{1258C13C-D397-C057-2390-26B597BD967C}"
EndProject
Project("{FAE04EC0-301F-11D3-BF4B-00C04F79EFBC}") = "Assembly-CSharp-Editor", "Assembly-CSharp-Editor.csproj", "{A6B49FB7-954D-A83D-8899-51959EDEC702}"
EndProject
Global
	GlobalSection(SolutionConfigurationPlatforms) = preSolution
		Debug|Any CPU = Debug|Any CPU
		Release|Any CPU = Release|Any CPU
	EndGlobalSection
	GlobalSection(ProjectConfigurationPlatforms) = postSolution
		{1258C13C-D397-C057-2390-26B597BD967C}.Debug|Any CPU.ActiveCfg = Debug|Any CPU
		{1258C13C-D397-C057-2390-26B597BD967C}.Debug|Any CPU.Build.0 = Debug|Any CPU
		{1258C13C-D397-C057-2390-26B597BD967C}.Release|Any CPU.ActiveCfg = Release|Any CPU
		{1258C13C-D397-C057-2390-26B597BD967C}.Release|Any CPU.Build.0 = Release|Any CPU
		{A6B49FB7-954D-A83D-8899-51959EDEC702}.Debug|Any CPU.ActiveCfg = Debug|Any CPU
		{A6B49FB7-954D-A83D-8899-51959EDEC702}.Debug|Any CPU.Build.0 = Debug|Any CPU
		{A6B49FB7-954D-A83D-8899-51959EDEC702}.Release|Any CPU.ActiveCfg = Release|Any CPU
		{A6B49FB7-954D-A83D-8899-51959EDEC702}.Release|Any CPU.Build.0 = Release|Any CPU
	EndGlobalSection
	GlobalSection(SolutionProperties) = preSolution
		HideSolutionNode = FALSE
	EndGlobalSection
EndGlobal
