
Microsoft Visual Studio Solution File, Format Version 12.00
# Visual Studio 15
Project("{FAE04EC0-301F-11D3-BF4B-00C04F79EFBC}") = "UnityEngine.TestRunner", "UnityEngine.TestRunner.csproj", "{462E3857-A068-3699-13A8-638EC3A49BF3}"
EndProject
Project("{FAE04EC0-301F-11D3-BF4B-00C04F79EFBC}") = "Unity.PerformanceTesting", "Unity.PerformanceTesting.csproj", "{7EE112F2-BDFB-D1E2-2B45-A38FC4D45158}"
EndProject
Project("{FAE04EC0-301F-11D3-BF4B-00C04F79EFBC}") = "Unity.Collections", "Unity.Collections.csproj", "{521279B4-6BFF-765C-C4B2-C2A0ED66D019}"
EndProject
Project("{FAE04EC0-301F-11D3-BF4B-00C04F79EFBC}") = "UnityEngine.UI", "UnityEngine.UI.csproj", "{E918435D-0403-3BA2-7F38-92679B42DF42}"
EndProject
Project("{FAE04EC0-301F-11D3-BF4B-00C04F79EFBC}") = "com.unity.multiplayer-hlapi.Runtime", "com.unity.multiplayer-hlapi.Runtime.csproj", "{ADB209F5-9911-D238-5B2D-371F5E1F6278}"
EndProject
Project("{FAE04EC0-301F-11D3-BF4B-00C04F79EFBC}") = "Unity.Entities", "Unity.Entities.csproj", "{A55C7663-D15D-A717-0CDF-254EA1E94CC1}"
EndProject
Project("{FAE04EC0-301F-11D3-BF4B-00C04F79EFBC}") = "Unity.TextMeshPro", "Unity.TextMeshPro.csproj", "{4A98874A-4ABC-5B57-92FB-897A1F43908E}"
EndProject
Project("{FAE04EC0-301F-11D3-BF4B-00C04F79EFBC}") = "Unity.Timeline", "Unity.Timeline.csproj", "{3A6C3A6D-A574-A836-B03D-D70107B35F6F}"
EndProject
Project("{FAE04EC0-301F-11D3-BF4B-00C04F79EFBC}") = "Unity.Mathematics", "Unity.Mathematics.csproj", "{722D0DB2-B632-07B9-679D-A9071E117143}"
EndProject
Project("{FAE04EC0-301F-11D3-BF4B-00C04F79EFBC}") = "Assembly-CSharp", "Assembly-CSharp.csproj", "{1258C13C-D397-C057-2390-26B597BD967C}"
EndProject
Project("{FAE04EC0-301F-11D3-BF4B-00C04F79EFBC}") = "Unity.Entities.Properties", "Unity.Entities.Properties.csproj", "{E6ED1908-8651-B011-8CBC-601A2A387F45}"
EndProject
Project("{FAE04EC0-301F-11D3-BF4B-00C04F79EFBC}") = "Unity.Entities.Hybrid", "Unity.Entities.Hybrid.csproj", "{B92D5B13-F01A-0AB1-0777-B56D5647A4CB}"
EndProject
Project("{FAE04EC0-301F-11D3-BF4B-00C04F79EFBC}") = "Unity.Entities.StaticTypeRegistry", "Unity.Entities.StaticTypeRegistry.csproj", "{80820A2B-A800-7403-D495-8D75551A34A5}"
EndProject
Project("{FAE04EC0-301F-11D3-BF4B-00C04F79EFBC}") = "Unity.Properties", "Unity.Properties.csproj", "{79639C58-164C-831E-5F9E-B96C46626089}"
EndProject
Project("{FAE04EC0-301F-11D3-BF4B-00C04F79EFBC}") = "Unity.Transforms.Hybrid", "Unity.Transforms.Hybrid.csproj", "{D2FCE128-6E6A-72BE-8420-EFA5505ECF32}"
EndProject
Project("{FAE04EC0-301F-11D3-BF4B-00C04F79EFBC}") = "Unity.XR.Management", "Unity.XR.Management.csproj", "{A95A1775-CF8B-EFC6-8AB2-F84F0EE560D8}"
EndProject
Project("{FAE04EC0-301F-11D3-BF4B-00C04F79EFBC}") = "Unity.Burst", "Unity.Burst.csproj", "{D4DEE033-F98B-394A-ECC6-928B2D029FE7}"
EndProject
Project("{FAE04EC0-301F-11D3-BF4B-00C04F79EFBC}") = "Unity.Networking.Transport", "Unity.Networking.Transport.csproj", "{55C1EF5F-6C9F-1F24-8A18-5731BAE2C8DF}"
EndProject
Project("{FAE04EC0-301F-11D3-BF4B-00C04F79EFBC}") = "Unity.Transforms", "Unity.Transforms.csproj", "{D9D96C05-994D-A725-BD32-87B0998CFF5B}"
EndProject
Project("{FAE04EC0-301F-11D3-BF4B-00C04F79EFBC}") = "Unity.Subsystem.Registration", "Unity.Subsystem.Registration.csproj", "{BE8FF7B3-C988-66E9-8C32-827F8E93E010}"
EndProject
Project("{FAE04EC0-301F-11D3-BF4B-00C04F79EFBC}") = "Unity.Mathematics.Extensions.Hybrid", "Unity.Mathematics.Extensions.Hybrid.csproj", "{10571CFE-0045-7865-1790-430060E06E72}"
EndProject
Project("{FAE04EC0-301F-11D3-BF4B-00C04F79EFBC}") = "Unity.Scenes.Hybrid", "Unity.Scenes.Hybrid.csproj", "{1658C2AA-38BD-FEFB-78FD-EA67261E7895}"
EndProject
Project("{FAE04EC0-301F-11D3-BF4B-00C04F79EFBC}") = "Unity.Jobs", "Unity.Jobs.csproj", "{0B587A98-47A5-AC9E-A3EE-4B8D0F7829BD}"
EndProject
Project("{FAE04EC0-301F-11D3-BF4B-00C04F79EFBC}") = "Unity.Mathematics.Extensions", "Unity.Mathematics.Extensions.csproj", "{88B89615-40BD-F901-5D39-9837A77822A5}"
EndProject
Project("{FAE04EC0-301F-11D3-BF4B-00C04F79EFBC}") = "Unity.Networking.Transport.PlayTests", "Unity.Networking.Transport.PlayTests.csproj", "{AB24D8BF-7286-D5CC-390F-62C629942556}"
EndProject
Project("{FAE04EC0-301F-11D3-BF4B-00C04F79EFBC}") = "Unity.TextMeshPro.Editor", "Unity.TextMeshPro.Editor.csproj", "{F2754FE0-301B-A4B8-BB6E-9C7D247308BF}"
EndProject
Project("{FAE04EC0-301F-11D3-BF4B-00C04F79EFBC}") = "Unity.Timeline.Editor", "Unity.Timeline.Editor.csproj", "{7513EC8A-8D7E-2666-8472-CEFEBF29F98F}"
EndProject
Project("{FAE04EC0-301F-11D3-BF4B-00C04F79EFBC}") = "UnityEditor.TestRunner", "UnityEditor.TestRunner.csproj", "{799BC0DF-C934-59D1-E53E-9F36D0C9E8D2}"
EndProject
Project("{FAE04EC0-301F-11D3-BF4B-00C04F79EFBC}") = "Unity.2D.Sprite.Editor", "Unity.2D.Sprite.Editor.csproj", "{2E16AAA1-EC84-AD02-B270-55C7C610C509}"
EndProject
Project("{FAE04EC0-301F-11D3-BF4B-00C04F79EFBC}") = "com.unity.multiplayer-hlapi.Editor", "com.unity.multiplayer-hlapi.Editor.csproj", "{076F3852-6E7E-F7AA-F03B-7725107199AA}"
EndProject
Project("{FAE04EC0-301F-11D3-BF4B-00C04F79EFBC}") = "UnityEditor.UI", "UnityEditor.UI.csproj", "{8F22CAD8-41B4-495C-7630-5FD2A059486D}"
EndProject
Project("{FAE04EC0-301F-11D3-BF4B-00C04F79EFBC}") = "Assembly-CSharp-Editor", "Assembly-CSharp-Editor.csproj", "{A6B49FB7-954D-A83D-8899-51959EDEC702}"
EndProject
Project("{FAE04EC0-301F-11D3-BF4B-00C04F79EFBC}") = "Unity.PerformanceTesting.Editor", "Unity.PerformanceTesting.Editor.csproj", "{B5D0EE4A-9912-740C-75AE-F4FCEDA46263}"
EndProject
Project("{FAE04EC0-301F-11D3-BF4B-00C04F79EFBC}") = "Unity.2D.Tilemap.Editor", "Unity.2D.Tilemap.Editor.csproj", "{46E7D7B1-31BC-DC9B-FA76-F4D87D2247E8}"
EndProject
Project("{FAE04EC0-301F-11D3-BF4B-00C04F79EFBC}") = "Unity.Entities.Editor", "Unity.Entities.Editor.csproj", "{9B3E1AB6-265D-8D0B-8526-F1C8887A2216}"
EndProject
Project("{FAE04EC0-301F-11D3-BF4B-00C04F79EFBC}") = "Unity.CollabProxy.Editor", "Unity.CollabProxy.Editor.csproj", "{ACDB8849-CA58-A283-595C-E76060F1A59F}"
EndProject
Project("{FAE04EC0-301F-11D3-BF4B-00C04F79EFBC}") = "Unity.XR.Management.Editor", "Unity.XR.Management.Editor.csproj", "{5E1750B6-EF1B-873B-F993-6F65063F4695}"
EndProject
Project("{FAE04EC0-301F-11D3-BF4B-00C04F79EFBC}") = "Unity.Scenes.Editor", "Unity.Scenes.Editor.csproj", "{B2FF9078-66D1-277A-7F2F-82EDFA1247CC}"
EndProject
Project("{FAE04EC0-301F-11D3-BF4B-00C04F79EFBC}") = "com.unity.multiplayer-weaver.Editor", "com.unity.multiplayer-weaver.Editor.csproj", "{3A97D53E-A18F-D976-1F0D-90D7035DAA06}"
EndProject
Project("{FAE04EC0-301F-11D3-BF4B-00C04F79EFBC}") = "Unity.VSCode.Editor", "Unity.VSCode.Editor.csproj", "{12617C63-5640-9189-5889-7AC291A2E3E0}"
EndProject
Project("{FAE04EC0-301F-11D3-BF4B-00C04F79EFBC}") = "Unity.Rider.Editor", "Unity.Rider.Editor.csproj", "{0BB34B0C-7CA0-D18F-D498-A3F86908CEB7}"
EndProject
Project("{FAE04EC0-301F-11D3-BF4B-00C04F79EFBC}") = "Unity.Burst.Editor", "Unity.Burst.Editor.csproj", "{D552F129-8F9D-E21D-69D4-B12695F7123F}"
EndProject
Project("{FAE04EC0-301F-11D3-BF4B-00C04F79EFBC}") = "Unity.Entities.BuildUtils", "Unity.Entities.BuildUtils.csproj", "{41C9AB51-FE38-90F9-7317-06506E38C7E7}"
EndProject
Project("{FAE04EC0-301F-11D3-BF4B-00C04F79EFBC}") = "Unity.Networking.Transport.EditorTests", "Unity.Networking.Transport.EditorTests.csproj", "{EFC2D8AE-CB21-7459-8847-5DBF90AD97D7}"
EndProject
Project("{FAE04EC0-301F-11D3-BF4B-00C04F79EFBC}") = "Unity.Mathematics.Editor", "Unity.Mathematics.Editor.csproj", "{CC367499-9A60-50FF-F3E0-21168438B3B6}"
EndProject
Project("{FAE04EC0-301F-11D3-BF4B-00C04F79EFBC}") = "Unity.Jobs.Editor", "Unity.Jobs.Editor.csproj", "{960CE365-4338-DCE5-50FB-EC768557C9A0}"
EndProject
Project("{FAE04EC0-301F-11D3-BF4B-00C04F79EFBC}") = "Unity.Transforms.Editor", "Unity.Transforms.Editor.csproj", "{2818E9F5-CC0D-6CB4-AC99-6D0916E7EB78}"
EndProject
Project("{FAE04EC0-301F-11D3-BF4B-00C04F79EFBC}") = "Unity.Networking.Transport.Editor", "Unity.Networking.Transport.Editor.csproj", "{A5B4F28D-136D-8E5A-50BA-AFBD25116024}"
EndProject
Global
	GlobalSection(SolutionConfigurationPlatforms) = preSolution
		Debug|Any CPU = Debug|Any CPU
		Release|Any CPU = Release|Any CPU
	EndGlobalSection
	GlobalSection(ProjectConfigurationPlatforms) = postSolution
		{462E3857-A068-3699-13A8-638EC3A49BF3}.Debug|Any CPU.ActiveCfg = Debug|Any CPU
		{462E3857-A068-3699-13A8-638EC3A49BF3}.Debug|Any CPU.Build.0 = Debug|Any CPU
		{462E3857-A068-3699-13A8-638EC3A49BF3}.Release|Any CPU.ActiveCfg = Release|Any CPU
		{462E3857-A068-3699-13A8-638EC3A49BF3}.Release|Any CPU.Build.0 = Release|Any CPU
		{7EE112F2-BDFB-D1E2-2B45-A38FC4D45158}.Debug|Any CPU.ActiveCfg = Debug|Any CPU
		{7EE112F2-BDFB-D1E2-2B45-A38FC4D45158}.Debug|Any CPU.Build.0 = Debug|Any CPU
		{7EE112F2-BDFB-D1E2-2B45-A38FC4D45158}.Release|Any CPU.ActiveCfg = Release|Any CPU
		{7EE112F2-BDFB-D1E2-2B45-A38FC4D45158}.Release|Any CPU.Build.0 = Release|Any CPU
		{521279B4-6BFF-765C-C4B2-C2A0ED66D019}.Debug|Any CPU.ActiveCfg = Debug|Any CPU
		{521279B4-6BFF-765C-C4B2-C2A0ED66D019}.Debug|Any CPU.Build.0 = Debug|Any CPU
		{521279B4-6BFF-765C-C4B2-C2A0ED66D019}.Release|Any CPU.ActiveCfg = Release|Any CPU
		{521279B4-6BFF-765C-C4B2-C2A0ED66D019}.Release|Any CPU.Build.0 = Release|Any CPU
		{E918435D-0403-3BA2-7F38-92679B42DF42}.Debug|Any CPU.ActiveCfg = Debug|Any CPU
		{E918435D-0403-3BA2-7F38-92679B42DF42}.Debug|Any CPU.Build.0 = Debug|Any CPU
		{E918435D-0403-3BA2-7F38-92679B42DF42}.Release|Any CPU.ActiveCfg = Release|Any CPU
		{E918435D-0403-3BA2-7F38-92679B42DF42}.Release|Any CPU.Build.0 = Release|Any CPU
		{ADB209F5-9911-D238-5B2D-371F5E1F6278}.Debug|Any CPU.ActiveCfg = Debug|Any CPU
		{ADB209F5-9911-D238-5B2D-371F5E1F6278}.Debug|Any CPU.Build.0 = Debug|Any CPU
		{ADB209F5-9911-D238-5B2D-371F5E1F6278}.Release|Any CPU.ActiveCfg = Release|Any CPU
		{ADB209F5-9911-D238-5B2D-371F5E1F6278}.Release|Any CPU.Build.0 = Release|Any CPU
		{A55C7663-D15D-A717-0CDF-254EA1E94CC1}.Debug|Any CPU.ActiveCfg = Debug|Any CPU
		{A55C7663-D15D-A717-0CDF-254EA1E94CC1}.Debug|Any CPU.Build.0 = Debug|Any CPU
		{A55C7663-D15D-A717-0CDF-254EA1E94CC1}.Release|Any CPU.ActiveCfg = Release|Any CPU
		{A55C7663-D15D-A717-0CDF-254EA1E94CC1}.Release|Any CPU.Build.0 = Release|Any CPU
		{4A98874A-4ABC-5B57-92FB-897A1F43908E}.Debug|Any CPU.ActiveCfg = Debug|Any CPU
		{4A98874A-4ABC-5B57-92FB-897A1F43908E}.Debug|Any CPU.Build.0 = Debug|Any CPU
		{4A98874A-4ABC-5B57-92FB-897A1F43908E}.Release|Any CPU.ActiveCfg = Release|Any CPU
		{4A98874A-4ABC-5B57-92FB-897A1F43908E}.Release|Any CPU.Build.0 = Release|Any CPU
		{3A6C3A6D-A574-A836-B03D-D70107B35F6F}.Debug|Any CPU.ActiveCfg = Debug|Any CPU
		{3A6C3A6D-A574-A836-B03D-D70107B35F6F}.Debug|Any CPU.Build.0 = Debug|Any CPU
		{3A6C3A6D-A574-A836-B03D-D70107B35F6F}.Release|Any CPU.ActiveCfg = Release|Any CPU
		{3A6C3A6D-A574-A836-B03D-D70107B35F6F}.Release|Any CPU.Build.0 = Release|Any CPU
		{722D0DB2-B632-07B9-679D-A9071E117143}.Debug|Any CPU.ActiveCfg = Debug|Any CPU
		{722D0DB2-B632-07B9-679D-A9071E117143}.Debug|Any CPU.Build.0 = Debug|Any CPU
		{722D0DB2-B632-07B9-679D-A9071E117143}.Release|Any CPU.ActiveCfg = Release|Any CPU
		{722D0DB2-B632-07B9-679D-A9071E117143}.Release|Any CPU.Build.0 = Release|Any CPU
		{1258C13C-D397-C057-2390-26B597BD967C}.Debug|Any CPU.ActiveCfg = Debug|Any CPU
		{1258C13C-D397-C057-2390-26B597BD967C}.Debug|Any CPU.Build.0 = Debug|Any CPU
		{1258C13C-D397-C057-2390-26B597BD967C}.Release|Any CPU.ActiveCfg = Release|Any CPU
		{1258C13C-D397-C057-2390-26B597BD967C}.Release|Any CPU.Build.0 = Release|Any CPU
		{E6ED1908-8651-B011-8CBC-601A2A387F45}.Debug|Any CPU.ActiveCfg = Debug|Any CPU
		{E6ED1908-8651-B011-8CBC-601A2A387F45}.Debug|Any CPU.Build.0 = Debug|Any CPU
		{E6ED1908-8651-B011-8CBC-601A2A387F45}.Release|Any CPU.ActiveCfg = Release|Any CPU
		{E6ED1908-8651-B011-8CBC-601A2A387F45}.Release|Any CPU.Build.0 = Release|Any CPU
		{B92D5B13-F01A-0AB1-0777-B56D5647A4CB}.Debug|Any CPU.ActiveCfg = Debug|Any CPU
		{B92D5B13-F01A-0AB1-0777-B56D5647A4CB}.Debug|Any CPU.Build.0 = Debug|Any CPU
		{B92D5B13-F01A-0AB1-0777-B56D5647A4CB}.Release|Any CPU.ActiveCfg = Release|Any CPU
		{B92D5B13-F01A-0AB1-0777-B56D5647A4CB}.Release|Any CPU.Build.0 = Release|Any CPU
		{80820A2B-A800-7403-D495-8D75551A34A5}.Debug|Any CPU.ActiveCfg = Debug|Any CPU
		{80820A2B-A800-7403-D495-8D75551A34A5}.Debug|Any CPU.Build.0 = Debug|Any CPU
		{80820A2B-A800-7403-D495-8D75551A34A5}.Release|Any CPU.ActiveCfg = Release|Any CPU
		{80820A2B-A800-7403-D495-8D75551A34A5}.Release|Any CPU.Build.0 = Release|Any CPU
		{79639C58-164C-831E-5F9E-B96C46626089}.Debug|Any CPU.ActiveCfg = Debug|Any CPU
		{79639C58-164C-831E-5F9E-B96C46626089}.Debug|Any CPU.Build.0 = Debug|Any CPU
		{79639C58-164C-831E-5F9E-B96C46626089}.Release|Any CPU.ActiveCfg = Release|Any CPU
		{79639C58-164C-831E-5F9E-B96C46626089}.Release|Any CPU.Build.0 = Release|Any CPU
		{D2FCE128-6E6A-72BE-8420-EFA5505ECF32}.Debug|Any CPU.ActiveCfg = Debug|Any CPU
		{D2FCE128-6E6A-72BE-8420-EFA5505ECF32}.Debug|Any CPU.Build.0 = Debug|Any CPU
		{D2FCE128-6E6A-72BE-8420-EFA5505ECF32}.Release|Any CPU.ActiveCfg = Release|Any CPU
		{D2FCE128-6E6A-72BE-8420-EFA5505ECF32}.Release|Any CPU.Build.0 = Release|Any CPU
		{A95A1775-CF8B-EFC6-8AB2-F84F0EE560D8}.Debug|Any CPU.ActiveCfg = Debug|Any CPU
		{A95A1775-CF8B-EFC6-8AB2-F84F0EE560D8}.Debug|Any CPU.Build.0 = Debug|Any CPU
		{A95A1775-CF8B-EFC6-8AB2-F84F0EE560D8}.Release|Any CPU.ActiveCfg = Release|Any CPU
		{A95A1775-CF8B-EFC6-8AB2-F84F0EE560D8}.Release|Any CPU.Build.0 = Release|Any CPU
		{D4DEE033-F98B-394A-ECC6-928B2D029FE7}.Debug|Any CPU.ActiveCfg = Debug|Any CPU
		{D4DEE033-F98B-394A-ECC6-928B2D029FE7}.Debug|Any CPU.Build.0 = Debug|Any CPU
		{D4DEE033-F98B-394A-ECC6-928B2D029FE7}.Release|Any CPU.ActiveCfg = Release|Any CPU
		{D4DEE033-F98B-394A-ECC6-928B2D029FE7}.Release|Any CPU.Build.0 = Release|Any CPU
		{55C1EF5F-6C9F-1F24-8A18-5731BAE2C8DF}.Debug|Any CPU.ActiveCfg = Debug|Any CPU
		{55C1EF5F-6C9F-1F24-8A18-5731BAE2C8DF}.Debug|Any CPU.Build.0 = Debug|Any CPU
		{55C1EF5F-6C9F-1F24-8A18-5731BAE2C8DF}.Release|Any CPU.ActiveCfg = Release|Any CPU
		{55C1EF5F-6C9F-1F24-8A18-5731BAE2C8DF}.Release|Any CPU.Build.0 = Release|Any CPU
		{D9D96C05-994D-A725-BD32-87B0998CFF5B}.Debug|Any CPU.ActiveCfg = Debug|Any CPU
		{D9D96C05-994D-A725-BD32-87B0998CFF5B}.Debug|Any CPU.Build.0 = Debug|Any CPU
		{D9D96C05-994D-A725-BD32-87B0998CFF5B}.Release|Any CPU.ActiveCfg = Release|Any CPU
		{D9D96C05-994D-A725-BD32-87B0998CFF5B}.Release|Any CPU.Build.0 = Release|Any CPU
		{BE8FF7B3-C988-66E9-8C32-827F8E93E010}.Debug|Any CPU.ActiveCfg = Debug|Any CPU
		{BE8FF7B3-C988-66E9-8C32-827F8E93E010}.Debug|Any CPU.Build.0 = Debug|Any CPU
		{BE8FF7B3-C988-66E9-8C32-827F8E93E010}.Release|Any CPU.ActiveCfg = Release|Any CPU
		{BE8FF7B3-C988-66E9-8C32-827F8E93E010}.Release|Any CPU.Build.0 = Release|Any CPU
		{10571CFE-0045-7865-1790-430060E06E72}.Debug|Any CPU.ActiveCfg = Debug|Any CPU
		{10571CFE-0045-7865-1790-430060E06E72}.Debug|Any CPU.Build.0 = Debug|Any CPU
		{10571CFE-0045-7865-1790-430060E06E72}.Release|Any CPU.ActiveCfg = Release|Any CPU
		{10571CFE-0045-7865-1790-430060E06E72}.Release|Any CPU.Build.0 = Release|Any CPU
		{1658C2AA-38BD-FEFB-78FD-EA67261E7895}.Debug|Any CPU.ActiveCfg = Debug|Any CPU
		{1658C2AA-38BD-FEFB-78FD-EA67261E7895}.Debug|Any CPU.Build.0 = Debug|Any CPU
		{1658C2AA-38BD-FEFB-78FD-EA67261E7895}.Release|Any CPU.ActiveCfg = Release|Any CPU
		{1658C2AA-38BD-FEFB-78FD-EA67261E7895}.Release|Any CPU.Build.0 = Release|Any CPU
		{0B587A98-47A5-AC9E-A3EE-4B8D0F7829BD}.Debug|Any CPU.ActiveCfg = Debug|Any CPU
		{0B587A98-47A5-AC9E-A3EE-4B8D0F7829BD}.Debug|Any CPU.Build.0 = Debug|Any CPU
		{0B587A98-47A5-AC9E-A3EE-4B8D0F7829BD}.Release|Any CPU.ActiveCfg = Release|Any CPU
		{0B587A98-47A5-AC9E-A3EE-4B8D0F7829BD}.Release|Any CPU.Build.0 = Release|Any CPU
		{88B89615-40BD-F901-5D39-9837A77822A5}.Debug|Any CPU.ActiveCfg = Debug|Any CPU
		{88B89615-40BD-F901-5D39-9837A77822A5}.Debug|Any CPU.Build.0 = Debug|Any CPU
		{88B89615-40BD-F901-5D39-9837A77822A5}.Release|Any CPU.ActiveCfg = Release|Any CPU
		{88B89615-40BD-F901-5D39-9837A77822A5}.Release|Any CPU.Build.0 = Release|Any CPU
		{AB24D8BF-7286-D5CC-390F-62C629942556}.Debug|Any CPU.ActiveCfg = Debug|Any CPU
		{AB24D8BF-7286-D5CC-390F-62C629942556}.Debug|Any CPU.Build.0 = Debug|Any CPU
		{AB24D8BF-7286-D5CC-390F-62C629942556}.Release|Any CPU.ActiveCfg = Release|Any CPU
		{AB24D8BF-7286-D5CC-390F-62C629942556}.Release|Any CPU.Build.0 = Release|Any CPU
		{F2754FE0-301B-A4B8-BB6E-9C7D247308BF}.Debug|Any CPU.ActiveCfg = Debug|Any CPU
		{F2754FE0-301B-A4B8-BB6E-9C7D247308BF}.Debug|Any CPU.Build.0 = Debug|Any CPU
		{F2754FE0-301B-A4B8-BB6E-9C7D247308BF}.Release|Any CPU.ActiveCfg = Release|Any CPU
		{F2754FE0-301B-A4B8-BB6E-9C7D247308BF}.Release|Any CPU.Build.0 = Release|Any CPU
		{7513EC8A-8D7E-2666-8472-CEFEBF29F98F}.Debug|Any CPU.ActiveCfg = Debug|Any CPU
		{7513EC8A-8D7E-2666-8472-CEFEBF29F98F}.Debug|Any CPU.Build.0 = Debug|Any CPU
		{7513EC8A-8D7E-2666-8472-CEFEBF29F98F}.Release|Any CPU.ActiveCfg = Release|Any CPU
		{7513EC8A-8D7E-2666-8472-CEFEBF29F98F}.Release|Any CPU.Build.0 = Release|Any CPU
		{799BC0DF-C934-59D1-E53E-9F36D0C9E8D2}.Debug|Any CPU.ActiveCfg = Debug|Any CPU
		{799BC0DF-C934-59D1-E53E-9F36D0C9E8D2}.Debug|Any CPU.Build.0 = Debug|Any CPU
		{799BC0DF-C934-59D1-E53E-9F36D0C9E8D2}.Release|Any CPU.ActiveCfg = Release|Any CPU
		{799BC0DF-C934-59D1-E53E-9F36D0C9E8D2}.Release|Any CPU.Build.0 = Release|Any CPU
		{2E16AAA1-EC84-AD02-B270-55C7C610C509}.Debug|Any CPU.ActiveCfg = Debug|Any CPU
		{2E16AAA1-EC84-AD02-B270-55C7C610C509}.Debug|Any CPU.Build.0 = Debug|Any CPU
		{2E16AAA1-EC84-AD02-B270-55C7C610C509}.Release|Any CPU.ActiveCfg = Release|Any CPU
		{2E16AAA1-EC84-AD02-B270-55C7C610C509}.Release|Any CPU.Build.0 = Release|Any CPU
		{076F3852-6E7E-F7AA-F03B-7725107199AA}.Debug|Any CPU.ActiveCfg = Debug|Any CPU
		{076F3852-6E7E-F7AA-F03B-7725107199AA}.Debug|Any CPU.Build.0 = Debug|Any CPU
		{076F3852-6E7E-F7AA-F03B-7725107199AA}.Release|Any CPU.ActiveCfg = Release|Any CPU
		{076F3852-6E7E-F7AA-F03B-7725107199AA}.Release|Any CPU.Build.0 = Release|Any CPU
		{8F22CAD8-41B4-495C-7630-5FD2A059486D}.Debug|Any CPU.ActiveCfg = Debug|Any CPU
		{8F22CAD8-41B4-495C-7630-5FD2A059486D}.Debug|Any CPU.Build.0 = Debug|Any CPU
		{8F22CAD8-41B4-495C-7630-5FD2A059486D}.Release|Any CPU.ActiveCfg = Release|Any CPU
		{8F22CAD8-41B4-495C-7630-5FD2A059486D}.Release|Any CPU.Build.0 = Release|Any CPU
		{A6B49FB7-954D-A83D-8899-51959EDEC702}.Debug|Any CPU.ActiveCfg = Debug|Any CPU
		{A6B49FB7-954D-A83D-8899-51959EDEC702}.Debug|Any CPU.Build.0 = Debug|Any CPU
		{A6B49FB7-954D-A83D-8899-51959EDEC702}.Release|Any CPU.ActiveCfg = Release|Any CPU
		{A6B49FB7-954D-A83D-8899-51959EDEC702}.Release|Any CPU.Build.0 = Release|Any CPU
		{B5D0EE4A-9912-740C-75AE-F4FCEDA46263}.Debug|Any CPU.ActiveCfg = Debug|Any CPU
		{B5D0EE4A-9912-740C-75AE-F4FCEDA46263}.Debug|Any CPU.Build.0 = Debug|Any CPU
		{B5D0EE4A-9912-740C-75AE-F4FCEDA46263}.Release|Any CPU.ActiveCfg = Release|Any CPU
		{B5D0EE4A-9912-740C-75AE-F4FCEDA46263}.Release|Any CPU.Build.0 = Release|Any CPU
		{46E7D7B1-31BC-DC9B-FA76-F4D87D2247E8}.Debug|Any CPU.ActiveCfg = Debug|Any CPU
		{46E7D7B1-31BC-DC9B-FA76-F4D87D2247E8}.Debug|Any CPU.Build.0 = Debug|Any CPU
		{46E7D7B1-31BC-DC9B-FA76-F4D87D2247E8}.Release|Any CPU.ActiveCfg = Release|Any CPU
		{46E7D7B1-31BC-DC9B-FA76-F4D87D2247E8}.Release|Any CPU.Build.0 = Release|Any CPU
		{9B3E1AB6-265D-8D0B-8526-F1C8887A2216}.Debug|Any CPU.ActiveCfg = Debug|Any CPU
		{9B3E1AB6-265D-8D0B-8526-F1C8887A2216}.Debug|Any CPU.Build.0 = Debug|Any CPU
		{9B3E1AB6-265D-8D0B-8526-F1C8887A2216}.Release|Any CPU.ActiveCfg = Release|Any CPU
		{9B3E1AB6-265D-8D0B-8526-F1C8887A2216}.Release|Any CPU.Build.0 = Release|Any CPU
		{ACDB8849-CA58-A283-595C-E76060F1A59F}.Debug|Any CPU.ActiveCfg = Debug|Any CPU
		{ACDB8849-CA58-A283-595C-E76060F1A59F}.Debug|Any CPU.Build.0 = Debug|Any CPU
		{ACDB8849-CA58-A283-595C-E76060F1A59F}.Release|Any CPU.ActiveCfg = Release|Any CPU
		{ACDB8849-CA58-A283-595C-E76060F1A59F}.Release|Any CPU.Build.0 = Release|Any CPU
		{5E1750B6-EF1B-873B-F993-6F65063F4695}.Debug|Any CPU.ActiveCfg = Debug|Any CPU
		{5E1750B6-EF1B-873B-F993-6F65063F4695}.Debug|Any CPU.Build.0 = Debug|Any CPU
		{5E1750B6-EF1B-873B-F993-6F65063F4695}.Release|Any CPU.ActiveCfg = Release|Any CPU
		{5E1750B6-EF1B-873B-F993-6F65063F4695}.Release|Any CPU.Build.0 = Release|Any CPU
		{B2FF9078-66D1-277A-7F2F-82EDFA1247CC}.Debug|Any CPU.ActiveCfg = Debug|Any CPU
		{B2FF9078-66D1-277A-7F2F-82EDFA1247CC}.Debug|Any CPU.Build.0 = Debug|Any CPU
		{B2FF9078-66D1-277A-7F2F-82EDFA1247CC}.Release|Any CPU.ActiveCfg = Release|Any CPU
		{B2FF9078-66D1-277A-7F2F-82EDFA1247CC}.Release|Any CPU.Build.0 = Release|Any CPU
		{3A97D53E-A18F-D976-1F0D-90D7035DAA06}.Debug|Any CPU.ActiveCfg = Debug|Any CPU
		{3A97D53E-A18F-D976-1F0D-90D7035DAA06}.Debug|Any CPU.Build.0 = Debug|Any CPU
		{3A97D53E-A18F-D976-1F0D-90D7035DAA06}.Release|Any CPU.ActiveCfg = Release|Any CPU
		{3A97D53E-A18F-D976-1F0D-90D7035DAA06}.Release|Any CPU.Build.0 = Release|Any CPU
		{12617C63-5640-9189-5889-7AC291A2E3E0}.Debug|Any CPU.ActiveCfg = Debug|Any CPU
		{12617C63-5640-9189-5889-7AC291A2E3E0}.Debug|Any CPU.Build.0 = Debug|Any CPU
		{12617C63-5640-9189-5889-7AC291A2E3E0}.Release|Any CPU.ActiveCfg = Release|Any CPU
		{12617C63-5640-9189-5889-7AC291A2E3E0}.Release|Any CPU.Build.0 = Release|Any CPU
		{0BB34B0C-7CA0-D18F-D498-A3F86908CEB7}.Debug|Any CPU.ActiveCfg = Debug|Any CPU
		{0BB34B0C-7CA0-D18F-D498-A3F86908CEB7}.Debug|Any CPU.Build.0 = Debug|Any CPU
		{0BB34B0C-7CA0-D18F-D498-A3F86908CEB7}.Release|Any CPU.ActiveCfg = Release|Any CPU
		{0BB34B0C-7CA0-D18F-D498-A3F86908CEB7}.Release|Any CPU.Build.0 = Release|Any CPU
		{D552F129-8F9D-E21D-69D4-B12695F7123F}.Debug|Any CPU.ActiveCfg = Debug|Any CPU
		{D552F129-8F9D-E21D-69D4-B12695F7123F}.Debug|Any CPU.Build.0 = Debug|Any CPU
		{D552F129-8F9D-E21D-69D4-B12695F7123F}.Release|Any CPU.ActiveCfg = Release|Any CPU
		{D552F129-8F9D-E21D-69D4-B12695F7123F}.Release|Any CPU.Build.0 = Release|Any CPU
		{41C9AB51-FE38-90F9-7317-06506E38C7E7}.Debug|Any CPU.ActiveCfg = Debug|Any CPU
		{41C9AB51-FE38-90F9-7317-06506E38C7E7}.Debug|Any CPU.Build.0 = Debug|Any CPU
		{41C9AB51-FE38-90F9-7317-06506E38C7E7}.Release|Any CPU.ActiveCfg = Release|Any CPU
		{41C9AB51-FE38-90F9-7317-06506E38C7E7}.Release|Any CPU.Build.0 = Release|Any CPU
		{EFC2D8AE-CB21-7459-8847-5DBF90AD97D7}.Debug|Any CPU.ActiveCfg = Debug|Any CPU
		{EFC2D8AE-CB21-7459-8847-5DBF90AD97D7}.Debug|Any CPU.Build.0 = Debug|Any CPU
		{EFC2D8AE-CB21-7459-8847-5DBF90AD97D7}.Release|Any CPU.ActiveCfg = Release|Any CPU
		{EFC2D8AE-CB21-7459-8847-5DBF90AD97D7}.Release|Any CPU.Build.0 = Release|Any CPU
		{CC367499-9A60-50FF-F3E0-21168438B3B6}.Debug|Any CPU.ActiveCfg = Debug|Any CPU
		{CC367499-9A60-50FF-F3E0-21168438B3B6}.Debug|Any CPU.Build.0 = Debug|Any CPU
		{CC367499-9A60-50FF-F3E0-21168438B3B6}.Release|Any CPU.ActiveCfg = Release|Any CPU
		{CC367499-9A60-50FF-F3E0-21168438B3B6}.Release|Any CPU.Build.0 = Release|Any CPU
		{960CE365-4338-DCE5-50FB-EC768557C9A0}.Debug|Any CPU.ActiveCfg = Debug|Any CPU
		{960CE365-4338-DCE5-50FB-EC768557C9A0}.Debug|Any CPU.Build.0 = Debug|Any CPU
		{960CE365-4338-DCE5-50FB-EC768557C9A0}.Release|Any CPU.ActiveCfg = Release|Any CPU
		{960CE365-4338-DCE5-50FB-EC768557C9A0}.Release|Any CPU.Build.0 = Release|Any CPU
		{2818E9F5-CC0D-6CB4-AC99-6D0916E7EB78}.Debug|Any CPU.ActiveCfg = Debug|Any CPU
		{2818E9F5-CC0D-6CB4-AC99-6D0916E7EB78}.Debug|Any CPU.Build.0 = Debug|Any CPU
		{2818E9F5-CC0D-6CB4-AC99-6D0916E7EB78}.Release|Any CPU.ActiveCfg = Release|Any CPU
		{2818E9F5-CC0D-6CB4-AC99-6D0916E7EB78}.Release|Any CPU.Build.0 = Release|Any CPU
		{A5B4F28D-136D-8E5A-50BA-AFBD25116024}.Debug|Any CPU.ActiveCfg = Debug|Any CPU
		{A5B4F28D-136D-8E5A-50BA-AFBD25116024}.Debug|Any CPU.Build.0 = Debug|Any CPU
		{A5B4F28D-136D-8E5A-50BA-AFBD25116024}.Release|Any CPU.ActiveCfg = Release|Any CPU
		{A5B4F28D-136D-8E5A-50BA-AFBD25116024}.Release|Any CPU.Build.0 = Release|Any CPU
	EndGlobalSection
	GlobalSection(SolutionProperties) = preSolution
		HideSolutionNode = FALSE
	EndGlobalSection
EndGlobal
